
Microsoft Visual Studio Solution File, Format Version 12.00
# Visual Studio 15
Project("{FAE04EC0-301F-11D3-BF4B-00C04F79EFBC}") = "Assembly-CSharp", "Assembly-CSharp.csproj", "{335FB8AA-98F5-9725-20ED-B96CBC974993}"
EndProject
Project("{FAE04EC0-301F-11D3-BF4B-00C04F79EFBC}") = "Assembly-CSharp-Editor", "Assembly-CSharp-Editor.csproj", "{9CF3DBE6-3757-BC1D-0F3C-2476D1C43EBC}"
EndProject
Global
	GlobalSection(SolutionConfigurationPlatforms) = preSolution
		Debug|Any CPU = Debug|Any CPU
		Release|Any CPU = Release|Any CPU
	EndGlobalSection
	GlobalSection(ProjectConfigurationPlatforms) = postSolution
		{335FB8AA-98F5-9725-20ED-B96CBC974993}.Debug|Any CPU.ActiveCfg = Debug|Any CPU
		{335FB8AA-98F5-9725-20ED-B96CBC974993}.Debug|Any CPU.Build.0 = Debug|Any CPU
		{335FB8AA-98F5-9725-20ED-B96CBC974993}.Release|Any CPU.ActiveCfg = Release|Any CPU
		{335FB8AA-98F5-9725-20ED-B96CBC974993}.Release|Any CPU.Build.0 = Release|Any CPU
		{9CF3DBE6-3757-BC1D-0F3C-2476D1C43EBC}.Debug|Any CPU.ActiveCfg = Debug|Any CPU
		{9CF3DBE6-3757-BC1D-0F3C-2476D1C43EBC}.Debug|Any CPU.Build.0 = Debug|Any CPU
		{9CF3DBE6-3757-BC1D-0F3C-2476D1C43EBC}.Release|Any CPU.ActiveCfg = Release|Any CPU
		{9CF3DBE6-3757-BC1D-0F3C-2476D1C43EBC}.Release|Any CPU.Build.0 = Release|Any CPU
	EndGlobalSection
	GlobalSection(SolutionProperties) = preSolution
		HideSolutionNode = FALSE
	EndGlobalSection
EndGlobal
