<?xml version="1.0" encoding="utf-8"?>
<Project ToolsVersion="4.0" xmlns="http://schemas.microsoft.com/developer/msbuild/2003">
  <ItemGroup>
    <Filter Include="Source Files">
      <UniqueIdentifier>{4FC737F1-C7A5-4376-A066-2A32D752A2FF}</UniqueIdentifier>
      <Extensions>cpp;c;cc;cxx;def;odl;idl;hpj;bat;asm;asmx</Extensions>
    </Filter>
    <Filter Include="Header Files">
      <UniqueIdentifier>{93995380-89BD-4b04-88EB-625FBE52EBFB}</UniqueIdentifier>
      <Extensions>h;hh;hpp;hxx;hm;inl;inc;ipp;xsd</Extensions>
    </Filter>
    <Filter Include="Resource Files">
      <UniqueIdentifier>{67DA6AB6-F800-4c08-8B7A-83BB121AAD01}</UniqueIdentifier>
      <Extensions>rc;ico;cur;bmp;dlg;rc2;rct;bin;rgs;gif;jpg;jpeg;jpe;resx;tiff;tif;png;wav;mfcribbon-ms</Extensions>
    </Filter>
  </ItemGroup>
  <ItemGroup>
    <ClCompile Include="TressFXTest.cpp">
      <Filter>Source Files</Filter>
    </ClCompile>
    <ClCompile Include="BonyBones.cpp">
      <Filter>Source Files</Filter>
    </ClCompile>
    <ClCompile Include="My_EI_LayoutManager.cpp">
      <Filter>Source Files</Filter>
    </ClCompile>
    <ClCompile Include="Utils.cpp">
      <Filter>Source Files</Filter>
    </ClCompile>
    <ClCompile Include="My_EI_PSO.cpp">
      <Filter>Source Files</Filter>
    </ClCompile>
    <ClCompile Include="d3dApp.cpp">
      <Filter>Source Files</Filter>
    </ClCompile>
    <ClCompile Include="GameTimer.cpp">
      <Filter>Source Files</Filter>
    </ClCompile>
  </ItemGroup>
  <ItemGroup>
    <ClInclude Include="BonyBones.h">
      <Filter>Header Files</Filter>
    </ClInclude>
    <ClInclude Include="Utils.h">
      <Filter>Header Files</Filter>
    </ClInclude>
    <ClInclude Include="My_EI_Resource.h">
      <Filter>Header Files</Filter>
    </ClInclude>
    <ClInclude Include="My_EI_Device.h">
      <Filter>Header Files</Filter>
    </ClInclude>
    <ClInclude Include="My_EI_CommandContext.h">
      <Filter>Header Files</Filter>
    </ClInclude>
    <ClInclude Include="DeviceAndContext.h">
      <Filter>Header Files</Filter>
    </ClInclude>
    <ClInclude Include="My_EI_BindSet.h">
      <Filter>Header Files</Filter>
    </ClInclude>
    <ClInclude Include="My_EI_IndexBuffer.h">
      <Filter>Header Files</Filter>
    </ClInclude>
    <ClInclude Include="My_EI_PSO.h">
      <Filter>Header Files</Filter>
    </ClInclude>
    <ClInclude Include="My_Callbacks_Error.h">
      <Filter>Header Files</Filter>
    </ClInclude>
    <ClInclude Include="My_Callbacks_Allocation.h">
      <Filter>Header Files</Filter>
    </ClInclude>
    <ClInclude Include="My_Callbacks_IO.h">
      <Filter>Header Files</Filter>
    </ClInclude>
    <ClInclude Include="My_Callbacks_Layouts.h">
      <Filter>Header Files</Filter>
    </ClInclude>
    <ClInclude Include="My_Callbacks_BindSets.h">
      <Filter>Header Files</Filter>
    </ClInclude>
    <ClInclude Include="My_Callbacks_StructuredBuffers.h">
      <Filter>Header Files</Filter>
    </ClInclude>
    <ClInclude Include="My_Callbacks_Mapping.h">
      <Filter>Header Files</Filter>
    </ClInclude>
    <ClInclude Include="My_Callbacks_Drawing.h">
      <Filter>Header Files</Filter>
    </ClInclude>
    <ClInclude Include="My_Callbacks_Simulation.h">
      <Filter>Header Files</Filter>
    </ClInclude>
    <ClInclude Include="My_Callbacks_2D.h">
      <Filter>Header Files</Filter>
    </ClInclude>
    <ClInclude Include="My_Callbacks_Counter.h">
      <Filter>Header Files</Filter>
    </ClInclude>
    <ClInclude Include="My_Callbacks_RT.h">
      <Filter>Header Files</Filter>
    </ClInclude>
    <ClInclude Include="My_Callbacks_Copy.h">
      <Filter>Header Files</Filter>
    </ClInclude>
    <ClInclude Include="My_Callbacks_Barriers.h">
      <Filter>Header Files</Filter>
    </ClInclude>
    <ClInclude Include="My_EI_BindLayout.h">
      <Filter>Header Files</Filter>
    </ClInclude>
    <ClInclude Include="My_EI_LayoutManager.h">
      <Filter>Header Files</Filter>
    </ClInclude>
    <ClInclude Include="d3dApp.h">
      <Filter>Header Files</Filter>
    </ClInclude>
    <ClInclude Include="GameTimer.h">
      <Filter>Header Files</Filter>
    </ClInclude>
  </ItemGroup>
  <ItemGroup>
    <None Include="RenderStrands.hlsl">
      <Filter>Resource Files</Filter>
    </None>
  </ItemGroup>
</Project>