<?xml version="1.0" encoding="utf-8"?>
<Project ToolsVersion="4.0" xmlns="http://schemas.microsoft.com/developer/msbuild/2003">
  <ItemGroup>
    <Filter Include="Source Files">
      <UniqueIdentifier>{4FC737F1-C7A5-4376-A066-2A32D752A2FF}</UniqueIdentifier>
      <Extensions>cpp;c;cc;cxx;def;odl;idl;hpj;bat;asm;asmx</Extensions>
    </Filter>
    <Filter Include="Header Files">
      <UniqueIdentifier>{93995380-89BD-4b04-88EB-625FBE52EBFB}</UniqueIdentifier>
      <Extensions>h;hh;hpp;hxx;hm;inl;inc;ipp;xsd</Extensions>
    </Filter>
    <Filter Include="Resource Files">
      <UniqueIdentifier>{67DA6AB6-F800-4c08-8B7A-83BB121AAD01}</UniqueIdentifier>
      <Extensions>rc;ico;cur;bmp;dlg;rc2;rct;bin;rgs;gif;jpg;jpeg;jpe;resx;tiff;tif;png;wav;mfcribbon-ms</Extensions>
    </Filter>
    <Filter Include="Source Files\Classes">
      <UniqueIdentifier>{2faf1254-6b3a-452e-b5b6-b33633135982}</UniqueIdentifier>
    </Filter>
    <Filter Include="Header Files\Classes">
      <UniqueIdentifier>{a53b61ac-9a62-4a5a-8aad-b9c39c41bb99}</UniqueIdentifier>
    </Filter>
    <Filter Include="Resource Files\Shader">
      <UniqueIdentifier>{c0cb107d-5c0a-4d40-9b72-10da8c7b39e2}</UniqueIdentifier>
    </Filter>
    <Filter Include="Resource Files\Shader\Vertex">
      <UniqueIdentifier>{e9c4a446-a7e6-4212-830a-7b34217bd53d}</UniqueIdentifier>
    </Filter>
    <Filter Include="Resource Files\Shader\Pixel">
      <UniqueIdentifier>{b8495d4a-e424-4eab-81a2-eda79276867a}</UniqueIdentifier>
    </Filter>
  </ItemGroup>
  <ItemGroup>
    <ClCompile Include="main.cpp">
      <Filter>Source Files</Filter>
    </ClCompile>
    <ClCompile Include="Camera.cpp">
      <Filter>Source Files\Classes</Filter>
    </ClCompile>
    <ClCompile Include="ColorShader.cpp">
      <Filter>Source Files\Classes</Filter>
    </ClCompile>
    <ClCompile Include="D3D.cpp">
      <Filter>Source Files\Classes</Filter>
    </ClCompile>
    <ClCompile Include="Graphics.cpp">
      <Filter>Source Files\Classes</Filter>
    </ClCompile>
    <ClCompile Include="Input.cpp">
      <Filter>Source Files\Classes</Filter>
    </ClCompile>
    <ClCompile Include="Model.cpp">
      <Filter>Source Files\Classes</Filter>
    </ClCompile>
    <ClCompile Include="System.cpp">
      <Filter>Source Files\Classes</Filter>
    </ClCompile>
    <ClCompile Include="Texture.cpp">
      <Filter>Source Files\Classes</Filter>
    </ClCompile>
    <ClCompile Include="TextureShader.cpp">
      <Filter>Source Files\Classes</Filter>
    </ClCompile>
  </ItemGroup>
  <ItemGroup>
    <ClInclude Include="Camera.h">
      <Filter>Header Files\Classes</Filter>
    </ClInclude>
    <ClInclude Include="ColorShader.h">
      <Filter>Header Files\Classes</Filter>
    </ClInclude>
    <ClInclude Include="D3D.h">
      <Filter>Header Files\Classes</Filter>
    </ClInclude>
    <ClInclude Include="Graphics.h">
      <Filter>Header Files\Classes</Filter>
    </ClInclude>
    <ClInclude Include="Input.h">
      <Filter>Header Files\Classes</Filter>
    </ClInclude>
    <ClInclude Include="Model.h">
      <Filter>Header Files\Classes</Filter>
    </ClInclude>
    <ClInclude Include="System.h">
      <Filter>Header Files\Classes</Filter>
    </ClInclude>
    <ClInclude Include="Texture.h">
      <Filter>Header Files\Classes</Filter>
    </ClInclude>
    <ClInclude Include="TextureShader.h">
      <Filter>Header Files\Classes</Filter>
    </ClInclude>
  </ItemGroup>
  <ItemGroup>
    <None Include="color.ps">
      <Filter>Resource Files\Shader\Pixel</Filter>
    </None>
    <None Include="color.vs">
      <Filter>Resource Files\Shader\Vertex</Filter>
    </None>
    <None Include="texture.ps">
      <Filter>Resource Files\Shader\Pixel</Filter>
    </None>
    <None Include="texture.vs">
      <Filter>Resource Files\Shader\Vertex</Filter>
    </None>
  </ItemGroup>
</Project>