<?xml version="1.0" encoding="utf-8"?>
<Project ToolsVersion="4.0" xmlns="http://schemas.microsoft.com/developer/msbuild/2003">
  <ItemGroup>
    <Filter Include="Source Files">
      <UniqueIdentifier>{4FC737F1-C7A5-4376-A066-2A32D752A2FF}</UniqueIdentifier>
      <Extensions>cpp;c;cc;cxx;def;odl;idl;hpj;bat;asm;asmx</Extensions>
    </Filter>
    <Filter Include="Header Files">
      <UniqueIdentifier>{93995380-89BD-4b04-88EB-625FBE52EBFB}</UniqueIdentifier>
      <Extensions>h;hh;hpp;hxx;hm;inl;inc;ipp;xsd</Extensions>
    </Filter>
    <Filter Include="Resource Files">
      <UniqueIdentifier>{67DA6AB6-F800-4c08-8B7A-83BB121AAD01}</UniqueIdentifier>
      <Extensions>rc;ico;cur;bmp;dlg;rc2;rct;bin;rgs;gif;jpg;jpeg;jpe;resx;tiff;tif;png;wav;mfcribbon-ms</Extensions>
    </Filter>
    <Filter Include="Shaders">
      <UniqueIdentifier>{e9909033-f762-4abe-99af-276855bb0e17}</UniqueIdentifier>
    </Filter>
    <Filter Include="Source Files\Engine">
      <UniqueIdentifier>{4b1fc5f9-346f-4aeb-9ddd-7b239eb8bb75}</UniqueIdentifier>
    </Filter>
    <Filter Include="Header Files\Engine">
      <UniqueIdentifier>{7df010ae-e498-4e80-a45b-46f649328a2a}</UniqueIdentifier>
    </Filter>
    <Filter Include="Header Files\Simulation">
      <UniqueIdentifier>{0d5b6407-66c7-4be1-a127-4d920755ad62}</UniqueIdentifier>
    </Filter>
    <Filter Include="Header Files\Simulation\MySimulation">
      <UniqueIdentifier>{0cf03924-059c-49e5-9d2a-4b9063a7529b}</UniqueIdentifier>
    </Filter>
    <Filter Include="Header Files\Simulation\MassSpring">
      <UniqueIdentifier>{88ceb660-308a-40b4-bfde-d746836f9032}</UniqueIdentifier>
    </Filter>
    <Filter Include="Header Files\Rendering">
      <UniqueIdentifier>{5982f996-1e54-48db-a71e-02e758dc00e1}</UniqueIdentifier>
    </Filter>
    <Filter Include="Header Files\Rendering\MassSpring">
      <UniqueIdentifier>{9876466a-f0ae-4cad-87ea-8d1f45f1f0b8}</UniqueIdentifier>
    </Filter>
    <Filter Include="Header Files\Rendering\MySimulation">
      <UniqueIdentifier>{94143895-afb7-4ebb-8796-faa5c69aa957}</UniqueIdentifier>
    </Filter>
    <Filter Include="Source Files\Rendering">
      <UniqueIdentifier>{c819ca6b-7f42-4bf2-80a8-e44625567e79}</UniqueIdentifier>
    </Filter>
    <Filter Include="Source Files\Simulation">
      <UniqueIdentifier>{456c3fc4-441f-41a4-8537-de9066132b36}</UniqueIdentifier>
    </Filter>
    <Filter Include="Source Files\Rendering\MassSpring">
      <UniqueIdentifier>{6bb670bd-5a4b-4e5d-9b06-721df428d0d6}</UniqueIdentifier>
    </Filter>
    <Filter Include="Source Files\Rendering\MySimulation">
      <UniqueIdentifier>{4687fffb-1fb7-48ef-bba4-000c1a67acad}</UniqueIdentifier>
    </Filter>
    <Filter Include="Source Files\Simulation\MassSpring">
      <UniqueIdentifier>{b3c59b72-6e6a-4603-850f-cc2e954db462}</UniqueIdentifier>
    </Filter>
    <Filter Include="Source Files\Simulation\MySimulation">
      <UniqueIdentifier>{6066549f-dd12-4b81-aac3-32b63a4c9c69}</UniqueIdentifier>
    </Filter>
    <Filter Include="Source Files\Simulation\1DFlexibleObjects">
      <UniqueIdentifier>{c2b89572-8151-4257-8054-111f65a86cce}</UniqueIdentifier>
    </Filter>
    <Filter Include="Source Files\Rendering\1DFlexibleObjects">
      <UniqueIdentifier>{7dfdcc7c-aee8-4390-8b91-a8b45dc5f057}</UniqueIdentifier>
    </Filter>
    <Filter Include="Header Files\Rendering\1DFlexibleObjects">
      <UniqueIdentifier>{ed04d4af-69d1-4751-b9fb-8b69c2e4483b}</UniqueIdentifier>
    </Filter>
    <Filter Include="Header Files\Simulation\1DFlexibleObjects">
      <UniqueIdentifier>{4c5c6f99-80f2-4325-b0c4-523cf77cd6ce}</UniqueIdentifier>
    </Filter>
    <Filter Include="Header Files\Engine\Shaderclasses">
      <UniqueIdentifier>{eb6be5a8-ecb7-4d71-b7ec-b619d6b770f3}</UniqueIdentifier>
    </Filter>
    <Filter Include="Header Files\Engine\Utils">
      <UniqueIdentifier>{fb1f37e6-b4c5-4240-b8e7-4173aed75d08}</UniqueIdentifier>
    </Filter>
    <Filter Include="Source Files\Engine\Shaderclasses">
      <UniqueIdentifier>{0044fd2b-ff9f-46c6-ae34-e22534266b8d}</UniqueIdentifier>
    </Filter>
    <Filter Include="Source Files\Engine\Utils">
      <UniqueIdentifier>{39ba76a3-6799-4398-82d4-e802e3a98800}</UniqueIdentifier>
    </Filter>
    <Filter Include="Shaders\MySimulation">
      <UniqueIdentifier>{98ac18e9-813b-4437-8d2c-9c6a3f93a8a2}</UniqueIdentifier>
    </Filter>
    <Filter Include="Shaders\MassSpring">
      <UniqueIdentifier>{92d6c9bc-1a7c-496e-9cd9-01d94a930b60}</UniqueIdentifier>
    </Filter>
    <Filter Include="Shaders\OneDFlexObj">
      <UniqueIdentifier>{9977c2e2-62b4-40c3-b3dd-00377b77251f}</UniqueIdentifier>
    </Filter>
    <Filter Include="Shaders\Rest">
      <UniqueIdentifier>{2be088df-e4a1-4d5f-aea8-3716337eb58b}</UniqueIdentifier>
    </Filter>
    <Filter Include="Header Files\Rendering\BSpline">
      <UniqueIdentifier>{552f7842-19f5-4330-9b0d-1f06e8e92833}</UniqueIdentifier>
    </Filter>
    <Filter Include="Shaders\BSpline">
      <UniqueIdentifier>{f6e4055f-d1de-4b9c-8196-02d0f679938e}</UniqueIdentifier>
    </Filter>
    <Filter Include="Source Files\Rendering\BSpline">
      <UniqueIdentifier>{97c6d681-2842-451a-ad54-a14af5b0ea90}</UniqueIdentifier>
    </Filter>
    <Filter Include="Header Files\Simulation\TractrixSplines">
      <UniqueIdentifier>{75d6bf8c-8980-4e34-a88e-6ec0e9b31206}</UniqueIdentifier>
    </Filter>
    <Filter Include="Header Files\Rendering\TractrixSpines">
      <UniqueIdentifier>{6aee03cd-58ec-4e72-a377-acae2f751b78}</UniqueIdentifier>
    </Filter>
    <Filter Include="Shaders\TractrixSplines">
      <UniqueIdentifier>{2b2d058c-57ef-42c0-8aa4-53701cd49993}</UniqueIdentifier>
    </Filter>
    <Filter Include="Source Files\Rendering\TractrixSpines">
      <UniqueIdentifier>{3d80bd25-0097-4619-8e3a-7e8588a9f92f}</UniqueIdentifier>
    </Filter>
    <Filter Include="Source Files\Simulation\TractrixSplines">
      <UniqueIdentifier>{6779a7d0-4be4-468e-9489-8848cd25943d}</UniqueIdentifier>
    </Filter>
  </ItemGroup>
  <ItemGroup>
    <ClInclude Include="Entry.h">
      <Filter>Header Files</Filter>
    </ClInclude>
    <ClInclude Include="Camera.h">
      <Filter>Header Files\Engine</Filter>
    </ClInclude>
    <ClInclude Include="d3dApp.h">
      <Filter>Header Files\Engine</Filter>
    </ClInclude>
    <ClInclude Include="d3dUtil.h">
      <Filter>Header Files\Engine</Filter>
    </ClInclude>
    <ClInclude Include="d3dx11effect.h">
      <Filter>Header Files\Engine</Filter>
    </ClInclude>
    <ClInclude Include="DDSTextureLoader.h">
      <Filter>Header Files\Engine</Filter>
    </ClInclude>
    <ClInclude Include="GameTimer.h">
      <Filter>Header Files\Engine</Filter>
    </ClInclude>
    <ClInclude Include="GeometryGenerator.h">
      <Filter>Header Files\Engine</Filter>
    </ClInclude>
    <ClInclude Include="MathHelper.h">
      <Filter>Header Files\Engine</Filter>
    </ClInclude>
    <ClInclude Include="LightHelper.h">
      <Filter>Header Files\Engine</Filter>
    </ClInclude>
    <ClInclude Include="MeshGenerator.h">
      <Filter>Header Files\Engine</Filter>
    </ClInclude>
    <ClInclude Include="ResetUtils.h">
      <Filter>Header Files\Engine\Utils</Filter>
    </ClInclude>
    <ClInclude Include="ComputeShader.h">
      <Filter>Header Files\Engine\Shaderclasses</Filter>
    </ClInclude>
    <ClInclude Include="GeometryShader.h">
      <Filter>Header Files\Engine\Shaderclasses</Filter>
    </ClInclude>
    <ClInclude Include="VertexShader.h">
      <Filter>Header Files\Engine\Shaderclasses</Filter>
    </ClInclude>
    <ClInclude Include="PixelShader.h">
      <Filter>Header Files\Engine\Shaderclasses</Filter>
    </ClInclude>
    <ClInclude Include="Shader.h">
      <Filter>Header Files\Engine\Shaderclasses</Filter>
    </ClInclude>
    <ClInclude Include="Texture.h">
      <Filter>Header Files\Engine\Utils</Filter>
    </ClInclude>
    <ClInclude Include="MassSpringSimulation.h">
      <Filter>Header Files\Simulation\MassSpring</Filter>
    </ClInclude>
    <ClInclude Include="HairSimulatedWithMassSpring.h">
      <Filter>Header Files\Rendering\MassSpring</Filter>
    </ClInclude>
    <ClInclude Include="HairBase.h">
      <Filter>Header Files\Rendering</Filter>
    </ClInclude>
    <ClInclude Include="Hair.h">
      <Filter>Header Files\Rendering\MySimulation</Filter>
    </ClInclude>
    <ClInclude Include="MySimulation.h">
      <Filter>Header Files\Simulation\MySimulation</Filter>
    </ClInclude>
    <ClInclude Include="HairSimulatedWithMySimulation.h">
      <Filter>Header Files\Rendering\MySimulation</Filter>
    </ClInclude>
    <ClInclude Include="OneDFlexObjSimulation.h">
      <Filter>Header Files\Simulation\1DFlexibleObjects</Filter>
    </ClInclude>
    <ClInclude Include="HairSimulatedWithOneDFlexObj.h">
      <Filter>Header Files\Rendering\1DFlexibleObjects</Filter>
    </ClInclude>
    <ClInclude Include="TractrixSimulation.h">
      <Filter>Header Files\Simulation\1DFlexibleObjects</Filter>
    </ClInclude>
    <ClInclude Include="Shader\vgpHairTrectrixSimulated.hlsl">
      <Filter>Shaders\OneDFlexObj</Filter>
    </ClInclude>
    <ClInclude Include="BSpline.h">
      <Filter>Header Files\Rendering\BSpline</Filter>
    </ClInclude>
    <ClInclude Include="HairSimulatedWithTractixSplines.h">
      <Filter>Header Files\Rendering\TractrixSpines</Filter>
    </ClInclude>
    <ClInclude Include="TractrixSplineSimulation.h">
      <Filter>Header Files\Simulation\TractrixSplines</Filter>
    </ClInclude>
    <ClInclude Include="HairSimulatedWithTrectrix.h">
      <Filter>Header Files\Rendering\1DFlexibleObjects</Filter>
    </ClInclude>
    <ClInclude Include="IDrawable.h">
      <Filter>Header Files\Engine\Utils</Filter>
    </ClInclude>
    <ClInclude Include="RenderItem.h">
      <Filter>Header Files\Engine\Utils</Filter>
    </ClInclude>
  </ItemGroup>
  <ItemGroup>
    <ClCompile Include="Entry.cpp">
      <Filter>Source Files</Filter>
    </ClCompile>
    <ClCompile Include="main.cpp">
      <Filter>Source Files</Filter>
    </ClCompile>
    <ClCompile Include="Camera.cpp">
      <Filter>Source Files\Engine</Filter>
    </ClCompile>
    <ClCompile Include="d3dApp.cpp">
      <Filter>Source Files\Engine</Filter>
    </ClCompile>
    <ClCompile Include="d3dUtil.cpp">
      <Filter>Source Files\Engine</Filter>
    </ClCompile>
    <ClCompile Include="DDSTextureLoader.cpp">
      <Filter>Source Files\Engine</Filter>
    </ClCompile>
    <ClCompile Include="GameTimer.cpp">
      <Filter>Source Files\Engine</Filter>
    </ClCompile>
    <ClCompile Include="GeometryGenerator.cpp">
      <Filter>Source Files\Engine</Filter>
    </ClCompile>
    <ClCompile Include="LightHelper.cpp">
      <Filter>Source Files\Engine</Filter>
    </ClCompile>
    <ClCompile Include="ResetUtils.cpp">
      <Filter>Source Files\Engine\Utils</Filter>
    </ClCompile>
    <ClCompile Include="ComputeShader.cpp">
      <Filter>Source Files\Engine\Shaderclasses</Filter>
    </ClCompile>
    <ClCompile Include="GeometryShader.cpp">
      <Filter>Source Files\Engine\Shaderclasses</Filter>
    </ClCompile>
    <ClCompile Include="PixelShader.cpp">
      <Filter>Source Files\Engine\Shaderclasses</Filter>
    </ClCompile>
    <ClCompile Include="VertexShader.cpp">
      <Filter>Source Files\Engine\Shaderclasses</Filter>
    </ClCompile>
    <ClCompile Include="MathHelper.cpp">
      <Filter>Source Files\Engine</Filter>
    </ClCompile>
    <ClCompile Include="Shader.cpp">
      <Filter>Source Files\Engine\Shaderclasses</Filter>
    </ClCompile>
    <ClCompile Include="Texture.cpp">
      <Filter>Source Files\Engine\Utils</Filter>
    </ClCompile>
    <ClCompile Include="HairSimulatedWithMassSpring.cpp">
      <Filter>Source Files\Rendering\MassSpring</Filter>
    </ClCompile>
    <ClCompile Include="HairSimulatedWithMySimulation.cpp">
      <Filter>Source Files\Rendering\MySimulation</Filter>
    </ClCompile>
    <ClCompile Include="HairBase.cpp">
      <Filter>Source Files\Rendering</Filter>
    </ClCompile>
    <ClCompile Include="MassSpringSimulation.cpp">
      <Filter>Source Files\Simulation\MassSpring</Filter>
    </ClCompile>
    <ClCompile Include="MySimulation.cpp">
      <Filter>Source Files\Simulation\MySimulation</Filter>
    </ClCompile>
    <ClCompile Include="Hair.cpp">
      <Filter>Source Files\Rendering\MySimulation</Filter>
    </ClCompile>
    <ClCompile Include="OneDFlexObjSimulation.cpp">
      <Filter>Source Files\Simulation\1DFlexibleObjects</Filter>
    </ClCompile>
    <ClCompile Include="HairSimulatedWithOneDFlexObj.cpp">
      <Filter>Source Files\Rendering\1DFlexibleObjects</Filter>
    </ClCompile>
    <ClCompile Include="TractrixSimulation.cpp">
      <Filter>Source Files\Simulation\1DFlexibleObjects</Filter>
    </ClCompile>
    <ClCompile Include="HairSimulatedWithTrectrix.cpp">
      <Filter>Source Files\Rendering\1DFlexibleObjects</Filter>
    </ClCompile>
    <ClCompile Include="BSpline.cpp">
      <Filter>Source Files\Rendering\BSpline</Filter>
    </ClCompile>
    <ClCompile Include="HairSimulatedWithTractixSplines.cpp">
      <Filter>Source Files\Rendering\TractrixSpines</Filter>
    </ClCompile>
    <ClCompile Include="TractrixSplineSimulation.cpp">
      <Filter>Source Files\Simulation\TractrixSplines</Filter>
    </ClCompile>
  </ItemGroup>
  <ItemGroup>
    <None Include="Shader\cSimulation.hlsl">
      <Filter>Shaders\MySimulation</Filter>
    </None>
    <None Include="Shader\simulationStructs.hlsl">
      <Filter>Shaders\MySimulation</Filter>
    </None>
    <None Include="Shader\vgpHairSimulated.hlsl">
      <Filter>Shaders\MySimulation</Filter>
    </None>
    <None Include="Shader\cMassSpringSimulation.hlsl">
      <Filter>Shaders\MassSpring</Filter>
    </None>
    <None Include="Shader\massSpringProperties.hlsl">
      <Filter>Shaders\MassSpring</Filter>
    </None>
    <None Include="Shader\vgpHairMassSpringSimulated.hlsl">
      <Filter>Shaders\MassSpring</Filter>
    </None>
    <None Include="Shader\cOneDFlexObjSimulation.hlsl">
      <Filter>Shaders\OneDFlexObj</Filter>
    </None>
    <None Include="Shader\oneDFlexObjProperties.hlsl">
      <Filter>Shaders\OneDFlexObj</Filter>
    </None>
    <None Include="Shader\vgpHairOneDFlexObjSimulated.hlsl">
      <Filter>Shaders\OneDFlexObj</Filter>
    </None>
    <None Include="Shader\vgpHair.hlsl">
      <Filter>Shaders\Rest</Filter>
    </None>
    <None Include="Shader\vpHairBase.hlsl">
      <Filter>Shaders\Rest</Filter>
    </None>
    <None Include="Shader\cTractrixRecursiveSimulation.hlsl">
      <Filter>Shaders\OneDFlexObj</Filter>
    </None>
    <None Include="Shader\tractrixProperties.hlsl">
      <Filter>Shaders\OneDFlexObj</Filter>
    </None>
    <None Include="Shader\cOneDFlexObjDifferentialSimulation.hlsl">
      <Filter>Shaders\OneDFlexObj</Filter>
    </None>
    <None Include="Shader\vgpBSpline.hlsl">
      <Filter>Shaders\BSpline</Filter>
    </None>
    <None Include="Shader\bSplineStructs.hlsl">
      <Filter>Shaders\BSpline</Filter>
    </None>
    <None Include="Shader\cTractrixSplineSimulation.hlsl">
      <Filter>Shaders\TractrixSplines</Filter>
    </None>
    <None Include="Shader\tractrixSplineProperties.hlsl">
      <Filter>Shaders\TractrixSplines</Filter>
    </None>
    <None Include="Shader\tractrixSplineStructs.hlsl">
      <Filter>Shaders\TractrixSplines</Filter>
    </None>
    <None Include="Shader\vgpTractrixSplinesControlPolygon.hlsl">
      <Filter>Shaders\TractrixSplines</Filter>
    </None>
    <None Include="Shader\vgpTractrixSplinesSplines.hlsl">
      <Filter>Shaders\TractrixSplines</Filter>
    </None>
  </ItemGroup>
</Project>